
Microsoft Visual Studio Solution File, Format Version 12.00
# Visual Studio Version 17
VisualStudioVersion = 17.11.35327.3
MinimumVisualStudioVersion = 10.0.40219.1
Project("{FAE04EC0-301F-11D3-BF4B-00C04F79EFBC}") = "BlazorApp1", "BlazorApp1\BlazorApp1.csproj", "{459E3425-5FD6-480C-BF14-74ADA67C6665}"
EndProject
Global
	GlobalSection(SolutionConfigurationPlatforms) = preSolution
		Debug|Any CPU = Debug|Any CPU
		Release|Any CPU = Release|Any CPU
	EndGlobalSection
	GlobalSection(ProjectConfigurationPlatforms) = postSolution
		{459E3425-5FD6-480C-BF14-74ADA67C6665}.Debug|Any CPU.ActiveCfg = Debug|Any CPU
		{459E3425-5FD6-480C-BF14-74ADA67C6665}.Debug|Any CPU.Build.0 = Debug|Any CPU
		{459E3425-5FD6-480C-BF14-74ADA67C6665}.Release|Any CPU.ActiveCfg = Release|Any CPU
		{459E3425-5FD6-480C-BF14-74ADA67C6665}.Release|Any CPU.Build.0 = Release|Any CPU
	EndGlobalSection
	GlobalSection(SolutionProperties) = preSolution
		HideSolutionNode = FALSE
	EndGlobalSection
	GlobalSection(ExtensibilityGlobals) = postSolution
		SolutionGuid = {3BBC5501-595B-438D-B923-0F46468A90E5}
	EndGlobalSection
EndGlobal
